
Microsoft Visual Studio Solution File, Format Version 12.00
# Visual Studio Version 17
VisualStudioVersion = 17.6.33829.357
MinimumVisualStudioVersion = 10.0.40219.1
Project("{FAE04EC0-301F-11D3-BF4B-00C04F79EFBC}") = "казик", "казик.csproj", "{ABA5F90E-B712-4D8C-967F-DE61C57D6D37}"
EndProject
Global
	GlobalSection(SolutionConfigurationPlatforms) = preSolution
		Debug|Any CPU = Debug|Any CPU
		Release|Any CPU = Release|Any CPU
	EndGlobalSection
	GlobalSection(ProjectConfigurationPlatforms) = postSolution
		{ABA5F90E-B712-4D8C-967F-DE61C57D6D37}.Debug|Any CPU.ActiveCfg = Debug|Any CPU
		{ABA5F90E-B712-4D8C-967F-DE61C57D6D37}.Debug|Any CPU.Build.0 = Debug|Any CPU
		{ABA5F90E-B712-4D8C-967F-DE61C57D6D37}.Release|Any CPU.ActiveCfg = Release|Any CPU
		{ABA5F90E-B712-4D8C-967F-DE61C57D6D37}.Release|Any CPU.Build.0 = Release|Any CPU
	EndGlobalSection
	GlobalSection(SolutionProperties) = preSolution
		HideSolutionNode = FALSE
	EndGlobalSection
	GlobalSection(ExtensibilityGlobals) = postSolution
		SolutionGuid = {33C2646F-D226-43B7-BFD8-E97B355FE05E}
	EndGlobalSection
EndGlobal
